
Microsoft Visual Studio Solution File, Format Version 12.00
# Visual Studio 2013
VisualStudioVersion = 12.0.30501.0
MinimumVisualStudioVersion = 10.0.40219.1
Project("{FAE04EC0-301F-11D3-BF4B-00C04F79EFBC}") = "App.ConsoleApp", "App.Console\App.ConsoleApp.csproj", "{D8398E3F-4E99-46EE-BF75-DEB80D67C524}"
EndProject
Project("{FAE04EC0-301F-11D3-BF4B-00C04F79EFBC}") = "App.UnitTesting", "App.UnitTesting\App.UnitTesting.csproj", "{1B7CB0F9-4163-4DE0-A99C-EA643B6CE5E9}"
EndProject
Global
	GlobalSection(SolutionConfigurationPlatforms) = preSolution
		Debug|Any CPU = Debug|Any CPU
		Release|Any CPU = Release|Any CPU
	EndGlobalSection
	GlobalSection(ProjectConfigurationPlatforms) = postSolution
		{D8398E3F-4E99-46EE-BF75-DEB80D67C524}.Debug|Any CPU.ActiveCfg = Debug|Any CPU
		{D8398E3F-4E99-46EE-BF75-DEB80D67C524}.Debug|Any CPU.Build.0 = Debug|Any CPU
		{D8398E3F-4E99-46EE-BF75-DEB80D67C524}.Release|Any CPU.ActiveCfg = Release|Any CPU
		{D8398E3F-4E99-46EE-BF75-DEB80D67C524}.Release|Any CPU.Build.0 = Release|Any CPU
		{1B7CB0F9-4163-4DE0-A99C-EA643B6CE5E9}.Debug|Any CPU.ActiveCfg = Debug|Any CPU
		{1B7CB0F9-4163-4DE0-A99C-EA643B6CE5E9}.Debug|Any CPU.Build.0 = Debug|Any CPU
		{1B7CB0F9-4163-4DE0-A99C-EA643B6CE5E9}.Release|Any CPU.ActiveCfg = Release|Any CPU
		{1B7CB0F9-4163-4DE0-A99C-EA643B6CE5E9}.Release|Any CPU.Build.0 = Release|Any CPU
	EndGlobalSection
	GlobalSection(SolutionProperties) = preSolution
		HideSolutionNode = FALSE
	EndGlobalSection
EndGlobal
